
Microsoft Visual Studio Solution File, Format Version 12.00
# Visual Studio Version 17
VisualStudioVersion = 17.8.34525.116
MinimumVisualStudioVersion = 10.0.40219.1
Project("{FAE04EC0-301F-11D3-BF4B-00C04F79EFBC}") = "lista_ex1", "lista_ex1\lista_ex1.csproj", "{6F859B1E-FA31-4664-A8CE-C12847C08A67}"
EndProject
Global
	GlobalSection(SolutionConfigurationPlatforms) = preSolution
		Debug|Any CPU = Debug|Any CPU
		Release|Any CPU = Release|Any CPU
	EndGlobalSection
	GlobalSection(ProjectConfigurationPlatforms) = postSolution
		{6F859B1E-FA31-4664-A8CE-C12847C08A67}.Debug|Any CPU.ActiveCfg = Debug|Any CPU
		{6F859B1E-FA31-4664-A8CE-C12847C08A67}.Debug|Any CPU.Build.0 = Debug|Any CPU
		{6F859B1E-FA31-4664-A8CE-C12847C08A67}.Release|Any CPU.ActiveCfg = Release|Any CPU
		{6F859B1E-FA31-4664-A8CE-C12847C08A67}.Release|Any CPU.Build.0 = Release|Any CPU
	EndGlobalSection
	GlobalSection(SolutionProperties) = preSolution
		HideSolutionNode = FALSE
	EndGlobalSection
	GlobalSection(ExtensibilityGlobals) = postSolution
		SolutionGuid = {FCB82E78-D223-457E-9104-8AD4327B4913}
	EndGlobalSection
EndGlobal
